
Microsoft Visual Studio Solution File, Format Version 12.00
# Visual Studio Version 16
VisualStudioVersion = 16.0.29806.167
MinimumVisualStudioVersion = 10.0.40219.1
Project("{FAE04EC0-301F-11D3-BF4B-00C04F79EFBC}") = "Mask", "Mask\Mask.csproj", "{F33713BC-F772-4233-B12A-494974E14664}"
EndProject
Global
	GlobalSection(SolutionConfigurationPlatforms) = preSolution
		Debug|Any CPU = Debug|Any CPU
		Release|Any CPU = Release|Any CPU
	EndGlobalSection
	GlobalSection(ProjectConfigurationPlatforms) = postSolution
		{F33713BC-F772-4233-B12A-494974E14664}.Debug|Any CPU.ActiveCfg = Debug|Any CPU
		{F33713BC-F772-4233-B12A-494974E14664}.Debug|Any CPU.Build.0 = Debug|Any CPU
		{F33713BC-F772-4233-B12A-494974E14664}.Release|Any CPU.ActiveCfg = Release|Any CPU
		{F33713BC-F772-4233-B12A-494974E14664}.Release|Any CPU.Build.0 = Release|Any CPU
	EndGlobalSection
	GlobalSection(SolutionProperties) = preSolution
		HideSolutionNode = FALSE
	EndGlobalSection
	GlobalSection(ExtensibilityGlobals) = postSolution
		SolutionGuid = {B7D2A059-D176-4B94-B6A4-CEEE11F94F92}
	EndGlobalSection
EndGlobal
